
Microsoft Visual Studio Solution File, Format Version 12.00
# Visual Studio 15
VisualStudioVersion = 15.0.26124.0
MinimumVisualStudioVersion = 15.0.26124.0
Project("{FAE04EC0-301F-11D3-BF4B-00C04F79EFBC}") = "Selecao.Dominio", "Selecao.Dominio\Selecao.Dominio.csproj", "{5C3DCAD2-360F-480E-BB76-F00EFB17F1B1}"
EndProject
Project("{FAE04EC0-301F-11D3-BF4B-00C04F79EFBC}") = "Selecao.Dominio.Teste", "..\test\Selecao.Dominio.Teste\Selecao.Dominio.Teste.csproj", "{D5EF0C76-8233-4B16-8518-84E4FF4340B5}"
EndProject
Project("{FAE04EC0-301F-11D3-BF4B-00C04F79EFBC}") = "Selecao.Aplicacao", "Selecao.Aplicacao\Selecao.Aplicacao.csproj", "{38449218-35C3-4BD5-AAD1-C365526D79BB}"
EndProject
Project("{FAE04EC0-301F-11D3-BF4B-00C04F79EFBC}") = "Selecao.Aplicacao.Teste", "..\test\Selecao.Aplicacao.Teste\Selecao.Aplicacao.Teste.csproj", "{F7DC525A-15DB-4CA3-B2C5-707250FE9BCC}"
EndProject
Global
	GlobalSection(SolutionConfigurationPlatforms) = preSolution
		Debug|Any CPU = Debug|Any CPU
		Debug|x64 = Debug|x64
		Debug|x86 = Debug|x86
		Release|Any CPU = Release|Any CPU
		Release|x64 = Release|x64
		Release|x86 = Release|x86
	EndGlobalSection
	GlobalSection(SolutionProperties) = preSolution
		HideSolutionNode = FALSE
	EndGlobalSection
	GlobalSection(ProjectConfigurationPlatforms) = postSolution
		{5C3DCAD2-360F-480E-BB76-F00EFB17F1B1}.Debug|Any CPU.ActiveCfg = Debug|Any CPU
		{5C3DCAD2-360F-480E-BB76-F00EFB17F1B1}.Debug|Any CPU.Build.0 = Debug|Any CPU
		{5C3DCAD2-360F-480E-BB76-F00EFB17F1B1}.Debug|x64.ActiveCfg = Debug|Any CPU
		{5C3DCAD2-360F-480E-BB76-F00EFB17F1B1}.Debug|x64.Build.0 = Debug|Any CPU
		{5C3DCAD2-360F-480E-BB76-F00EFB17F1B1}.Debug|x86.ActiveCfg = Debug|Any CPU
		{5C3DCAD2-360F-480E-BB76-F00EFB17F1B1}.Debug|x86.Build.0 = Debug|Any CPU
		{5C3DCAD2-360F-480E-BB76-F00EFB17F1B1}.Release|Any CPU.ActiveCfg = Release|Any CPU
		{5C3DCAD2-360F-480E-BB76-F00EFB17F1B1}.Release|Any CPU.Build.0 = Release|Any CPU
		{5C3DCAD2-360F-480E-BB76-F00EFB17F1B1}.Release|x64.ActiveCfg = Release|Any CPU
		{5C3DCAD2-360F-480E-BB76-F00EFB17F1B1}.Release|x64.Build.0 = Release|Any CPU
		{5C3DCAD2-360F-480E-BB76-F00EFB17F1B1}.Release|x86.ActiveCfg = Release|Any CPU
		{5C3DCAD2-360F-480E-BB76-F00EFB17F1B1}.Release|x86.Build.0 = Release|Any CPU
		{D5EF0C76-8233-4B16-8518-84E4FF4340B5}.Debug|Any CPU.ActiveCfg = Debug|Any CPU
		{D5EF0C76-8233-4B16-8518-84E4FF4340B5}.Debug|Any CPU.Build.0 = Debug|Any CPU
		{D5EF0C76-8233-4B16-8518-84E4FF4340B5}.Debug|x64.ActiveCfg = Debug|Any CPU
		{D5EF0C76-8233-4B16-8518-84E4FF4340B5}.Debug|x64.Build.0 = Debug|Any CPU
		{D5EF0C76-8233-4B16-8518-84E4FF4340B5}.Debug|x86.ActiveCfg = Debug|Any CPU
		{D5EF0C76-8233-4B16-8518-84E4FF4340B5}.Debug|x86.Build.0 = Debug|Any CPU
		{D5EF0C76-8233-4B16-8518-84E4FF4340B5}.Release|Any CPU.ActiveCfg = Release|Any CPU
		{D5EF0C76-8233-4B16-8518-84E4FF4340B5}.Release|Any CPU.Build.0 = Release|Any CPU
		{D5EF0C76-8233-4B16-8518-84E4FF4340B5}.Release|x64.ActiveCfg = Release|Any CPU
		{D5EF0C76-8233-4B16-8518-84E4FF4340B5}.Release|x64.Build.0 = Release|Any CPU
		{D5EF0C76-8233-4B16-8518-84E4FF4340B5}.Release|x86.ActiveCfg = Release|Any CPU
		{D5EF0C76-8233-4B16-8518-84E4FF4340B5}.Release|x86.Build.0 = Release|Any CPU
		{38449218-35C3-4BD5-AAD1-C365526D79BB}.Debug|Any CPU.ActiveCfg = Debug|Any CPU
		{38449218-35C3-4BD5-AAD1-C365526D79BB}.Debug|Any CPU.Build.0 = Debug|Any CPU
		{38449218-35C3-4BD5-AAD1-C365526D79BB}.Debug|x64.ActiveCfg = Debug|Any CPU
		{38449218-35C3-4BD5-AAD1-C365526D79BB}.Debug|x64.Build.0 = Debug|Any CPU
		{38449218-35C3-4BD5-AAD1-C365526D79BB}.Debug|x86.ActiveCfg = Debug|Any CPU
		{38449218-35C3-4BD5-AAD1-C365526D79BB}.Debug|x86.Build.0 = Debug|Any CPU
		{38449218-35C3-4BD5-AAD1-C365526D79BB}.Release|Any CPU.ActiveCfg = Release|Any CPU
		{38449218-35C3-4BD5-AAD1-C365526D79BB}.Release|Any CPU.Build.0 = Release|Any CPU
		{38449218-35C3-4BD5-AAD1-C365526D79BB}.Release|x64.ActiveCfg = Release|Any CPU
		{38449218-35C3-4BD5-AAD1-C365526D79BB}.Release|x64.Build.0 = Release|Any CPU
		{38449218-35C3-4BD5-AAD1-C365526D79BB}.Release|x86.ActiveCfg = Release|Any CPU
		{38449218-35C3-4BD5-AAD1-C365526D79BB}.Release|x86.Build.0 = Release|Any CPU
		{F7DC525A-15DB-4CA3-B2C5-707250FE9BCC}.Debug|Any CPU.ActiveCfg = Debug|Any CPU
		{F7DC525A-15DB-4CA3-B2C5-707250FE9BCC}.Debug|Any CPU.Build.0 = Debug|Any CPU
		{F7DC525A-15DB-4CA3-B2C5-707250FE9BCC}.Debug|x64.ActiveCfg = Debug|Any CPU
		{F7DC525A-15DB-4CA3-B2C5-707250FE9BCC}.Debug|x64.Build.0 = Debug|Any CPU
		{F7DC525A-15DB-4CA3-B2C5-707250FE9BCC}.Debug|x86.ActiveCfg = Debug|Any CPU
		{F7DC525A-15DB-4CA3-B2C5-707250FE9BCC}.Debug|x86.Build.0 = Debug|Any CPU
		{F7DC525A-15DB-4CA3-B2C5-707250FE9BCC}.Release|Any CPU.ActiveCfg = Release|Any CPU
		{F7DC525A-15DB-4CA3-B2C5-707250FE9BCC}.Release|Any CPU.Build.0 = Release|Any CPU
		{F7DC525A-15DB-4CA3-B2C5-707250FE9BCC}.Release|x64.ActiveCfg = Release|Any CPU
		{F7DC525A-15DB-4CA3-B2C5-707250FE9BCC}.Release|x64.Build.0 = Release|Any CPU
		{F7DC525A-15DB-4CA3-B2C5-707250FE9BCC}.Release|x86.ActiveCfg = Release|Any CPU
		{F7DC525A-15DB-4CA3-B2C5-707250FE9BCC}.Release|x86.Build.0 = Release|Any CPU
	EndGlobalSection
EndGlobal
